// !$*UTF8*$!
{
	archiveVersion = 1;
	classes = {
	};
	objectVersion = 56;
	objects = {

/* Begin PBXBuildFile section */
		7D657D9C2A000964008D3754 /* iOS_ExampleApp.swift in Sources */ = {isa = PBXBuildFile; fileRef = 7D657D9B2A000964008D3754 /* iOS_ExampleApp.swift */; };
		7D657D9E2A000964008D3754 /* ContentView.swift in Sources */ = {isa = PBXBuildFile; fileRef = 7D657D9D2A000964008D3754 /* ContentView.swift */; };
		7D657DA02A000965008D3754 /* Assets.xcassets in Resources */ = {isa = PBXBuildFile; fileRef = 7D657D9F2A000965008D3754 /* Assets.xcassets */; };
		7D657DA32A000965008D3754 /* Preview Assets.xcassets in Resources */ = {isa = PBXBuildFile; fileRef = 7D657DA22A000965008D3754 /* Preview Assets.xcassets */; };
		7D657DAC2A000984008D3754 /* SuiKit in Frameworks */ = {isa = PBXBuildFile; productRef = 7D657DAB2A000984008D3754 /* SuiKit */; };
		7D657DB22A0546DE008D3754 /* HomeViewModel.swift in Sources */ = {isa = PBXBuildFile; fileRef = 7D657DB12A0546DE008D3754 /* HomeViewModel.swift */; };
		7D657DB52A05B47F008D3754 /* HomeView.swift in Sources */ = {isa = PBXBuildFile; fileRef = 7D657DB32A05B47F008D3754 /* HomeView.swift */; };
		7D657DB62A05B47F008D3754 /* AccountView.swift in Sources */ = {isa = PBXBuildFile; fileRef = 7D657DB42A05B47F008D3754 /* AccountView.swift */; };
		7D657DB82A05B51F008D3754 /* TransferView.swift in Sources */ = {isa = PBXBuildFile; fileRef = 7D657DB72A05B51F008D3754 /* TransferView.swift */; };
		7D657DBA2A05B5E9008D3754 /* CreateCollectionView.swift in Sources */ = {isa = PBXBuildFile; fileRef = 7D657DB92A05B5E9008D3754 /* CreateCollectionView.swift */; };
		7D657DBC2A05B665008D3754 /* MintNFTView.swift in Sources */ = {isa = PBXBuildFile; fileRef = 7D657DBB2A05B665008D3754 /* MintNFTView.swift */; };
		7D657DC42A09FBE6008D3754 /* Package.json in Resources */ = {isa = PBXBuildFile; fileRef = 7D657DC32A09FBE6008D3754 /* Package.json */; };
/* End PBXBuildFile section */

/* Begin PBXFileReference section */
		7D657D982A000964008D3754 /* iOS_Example.app */ = {isa = PBXFileReference; explicitFileType = wrapper.application; includeInIndex = 0; path = iOS_Example.app; sourceTree = BUILT_PRODUCTS_DIR; };
		7D657D9B2A000964008D3754 /* iOS_ExampleApp.swift */ = {isa = PBXFileReference; lastKnownFileType = sourcecode.swift; path = iOS_ExampleApp.swift; sourceTree = "<group>"; };
		7D657D9D2A000964008D3754 /* ContentView.swift */ = {isa = PBXFileReference; lastKnownFileType = sourcecode.swift; path = ContentView.swift; sourceTree = "<group>"; };
		7D657D9F2A000965008D3754 /* Assets.xcassets */ = {isa = PBXFileReference; lastKnownFileType = folder.assetcatalog; path = Assets.xcassets; sourceTree = "<group>"; };
		7D657DA22A000965008D3754 /* Preview Assets.xcassets */ = {isa = PBXFileReference; lastKnownFileType = folder.assetcatalog; path = "Preview Assets.xcassets"; sourceTree = "<group>"; };
		7D657DAA2A000977008D3754 /* SuiKit */ = {isa = PBXFileReference; lastKnownFileType = wrapper; name = SuiKit; path = ../..; sourceTree = "<group>"; };
		7D657DB12A0546DE008D3754 /* HomeViewModel.swift */ = {isa = PBXFileReference; lastKnownFileType = sourcecode.swift; path = HomeViewModel.swift; sourceTree = "<group>"; };
		7D657DB32A05B47F008D3754 /* HomeView.swift */ = {isa = PBXFileReference; fileEncoding = 4; lastKnownFileType = sourcecode.swift; path = HomeView.swift; sourceTree = "<group>"; };
		7D657DB42A05B47F008D3754 /* AccountView.swift */ = {isa = PBXFileReference; fileEncoding = 4; lastKnownFileType = sourcecode.swift; path = AccountView.swift; sourceTree = "<group>"; };
		7D657DB72A05B51F008D3754 /* TransferView.swift */ = {isa = PBXFileReference; fileEncoding = 4; lastKnownFileType = sourcecode.swift; path = TransferView.swift; sourceTree = "<group>"; };
		7D657DB92A05B5E9008D3754 /* CreateCollectionView.swift */ = {isa = PBXFileReference; fileEncoding = 4; lastKnownFileType = sourcecode.swift; path = CreateCollectionView.swift; sourceTree = "<group>"; };
		7D657DBB2A05B665008D3754 /* MintNFTView.swift */ = {isa = PBXFileReference; fileEncoding = 4; lastKnownFileType = sourcecode.swift; path = MintNFTView.swift; sourceTree = "<group>"; };
		7D657DC32A09FBE6008D3754 /* Package.json */ = {isa = PBXFileReference; fileEncoding = 4; lastKnownFileType = text.json; path = Package.json; sourceTree = "<group>"; };
/* End PBXFileReference section */

/* Begin PBXFrameworksBuildPhase section */
		7D657D952A000964008D3754 /* Frameworks */ = {
			isa = PBXFrameworksBuildPhase;
			buildActionMask = 2147483647;
			files = (
				7D657DAC2A000984008D3754 /* SuiKit in Frameworks */,
			);
			runOnlyForDeploymentPostprocessing = 0;
		};
/* End PBXFrameworksBuildPhase section */

/* Begin PBXGroup section */
		7D657D8F2A000964008D3754 = {
			isa = PBXGroup;
			children = (
				7D657D9A2A000964008D3754 /* iOS_Example */,
				7D657D992A000964008D3754 /* Products */,
				7D657DA92A000977008D3754 /* Frameworks */,
			);
			sourceTree = "<group>";
		};
		7D657D992A000964008D3754 /* Products */ = {
			isa = PBXGroup;
			children = (
				7D657D982A000964008D3754 /* iOS_Example.app */,
			);
			name = Products;
			sourceTree = "<group>";
		};
		7D657D9A2A000964008D3754 /* iOS_Example */ = {
			isa = PBXGroup;
			children = (
				7D657DB02A0546D1008D3754 /* View Models */,
				7D657DAF2A0546C7008D3754 /* Views */,
				7D657D9B2A000964008D3754 /* iOS_ExampleApp.swift */,
				7D657D9D2A000964008D3754 /* ContentView.swift */,
				7D657D9F2A000965008D3754 /* Assets.xcassets */,
				7D657DA12A000965008D3754 /* Preview Content */,
			);
			path = iOS_Example;
			sourceTree = "<group>";
		};
		7D657DA12A000965008D3754 /* Preview Content */ = {
			isa = PBXGroup;
			children = (
				7D657DA22A000965008D3754 /* Preview Assets.xcassets */,
			);
			path = "Preview Content";
			sourceTree = "<group>";
		};
		7D657DA92A000977008D3754 /* Frameworks */ = {
			isa = PBXGroup;
			children = (
				7D657DAA2A000977008D3754 /* SuiKit */,
			);
			name = Frameworks;
			sourceTree = "<group>";
		};
		7D657DAF2A0546C7008D3754 /* Views */ = {
			isa = PBXGroup;
			children = (
				7D657DBB2A05B665008D3754 /* MintNFTView.swift */,
				7D657DB92A05B5E9008D3754 /* CreateCollectionView.swift */,
				7D657DB72A05B51F008D3754 /* TransferView.swift */,
				7D657DB42A05B47F008D3754 /* AccountView.swift */,
				7D657DB32A05B47F008D3754 /* HomeView.swift */,
			);
			path = Views;
			sourceTree = "<group>";
		};
		7D657DB02A0546D1008D3754 /* View Models */ = {
			isa = PBXGroup;
			children = (
				7D657DC32A09FBE6008D3754 /* Package.json */,
				7D657DB12A0546DE008D3754 /* HomeViewModel.swift */,
			);
			path = "View Models";
			sourceTree = "<group>";
		};
/* End PBXGroup section */

/* Begin PBXNativeTarget section */
		7D657D972A000964008D3754 /* iOS_Example */ = {
			isa = PBXNativeTarget;
			buildConfigurationList = 7D657DA62A000965008D3754 /* Build configuration list for PBXNativeTarget "iOS_Example" */;
			buildPhases = (
				7D657D942A000964008D3754 /* Sources */,
				7D657D952A000964008D3754 /* Frameworks */,
				7D657D962A000964008D3754 /* Resources */,
			);
			buildRules = (
			);
			dependencies = (
			);
			name = iOS_Example;
			packageProductDependencies = (
				7D657DAB2A000984008D3754 /* SuiKit */,
			);
			productName = iOS_Example;
			productReference = 7D657D982A000964008D3754 /* iOS_Example.app */;
			productType = "com.apple.product-type.application";
		};
/* End PBXNativeTarget section */

/* Begin PBXProject section */
		7D657D902A000964008D3754 /* Project object */ = {
			isa = PBXProject;
			attributes = {
				BuildIndependentTargetsInParallel = 1;
				LastSwiftUpdateCheck = 1430;
				LastUpgradeCheck = 1430;
				TargetAttributes = {
					7D657D972A000964008D3754 = {
						CreatedOnToolsVersion = 14.3;
					};
				};
			};
			buildConfigurationList = 7D657D932A000964008D3754 /* Build configuration list for PBXProject "iOS_Example" */;
			compatibilityVersion = "Xcode 14.0";
			developmentRegion = en;
			hasScannedForEncodings = 0;
			knownRegions = (
				en,
				Base,
			);
			mainGroup = 7D657D8F2A000964008D3754;
			productRefGroup = 7D657D992A000964008D3754 /* Products */;
			projectDirPath = "";
			projectRoot = "";
			targets = (
				7D657D972A000964008D3754 /* iOS_Example */,
			);
		};
/* End PBXProject section */

/* Begin PBXResourcesBuildPhase section */
		7D657D962A000964008D3754 /* Resources */ = {
			isa = PBXResourcesBuildPhase;
			buildActionMask = 2147483647;
			files = (
				7D657DA32A000965008D3754 /* Preview Assets.xcassets in Resources */,
				7D657DA02A000965008D3754 /* Assets.xcassets in Resources */,
				7D657DC42A09FBE6008D3754 /* Package.json in Resources */,
			);
			runOnlyForDeploymentPostprocessing = 0;
		};
/* End PBXResourcesBuildPhase section */

/* Begin PBXSourcesBuildPhase section */
		7D657D942A000964008D3754 /* Sources */ = {
			isa = PBXSourcesBuildPhase;
			buildActionMask = 2147483647;
			files = (
				7D657D9E2A000964008D3754 /* ContentView.swift in Sources */,
				7D657DB82A05B51F008D3754 /* TransferView.swift in Sources */,
				7D657DB52A05B47F008D3754 /* HomeView.swift in Sources */,
				7D657DB22A0546DE008D3754 /* HomeViewModel.swift in Sources */,
				7D657DBA2A05B5E9008D3754 /* CreateCollectionView.swift in Sources */,
				7D657D9C2A000964008D3754 /* iOS_ExampleApp.swift in Sources */,
				7D657DB62A05B47F008D3754 /* AccountView.swift in Sources */,
				7D657DBC2A05B665008D3754 /* MintNFTView.swift in Sources */,
			);
			runOnlyForDeploymentPostprocessing = 0;
		};
/* End PBXSourcesBuildPhase section */

/* Begin XCBuildConfiguration section */
		7D657DA42A000965008D3754 /* Debug */ = {
			isa = XCBuildConfiguration;
			buildSettings = {
				ALWAYS_SEARCH_USER_PATHS = NO;
				CLANG_ANALYZER_NONNULL = YES;
				CLANG_ANALYZER_NUMBER_OBJECT_CONVERSION = YES_AGGRESSIVE;
				CLANG_CXX_LANGUAGE_STANDARD = "gnu++20";
				CLANG_ENABLE_MODULES = YES;
				CLANG_ENABLE_OBJC_ARC = YES;
				CLANG_ENABLE_OBJC_WEAK = YES;
				CLANG_WARN_BLOCK_CAPTURE_AUTORELEASING = YES;
				CLANG_WARN_BOOL_CONVERSION = YES;
				CLANG_WARN_COMMA = YES;
				CLANG_WARN_CONSTANT_CONVERSION = YES;
				CLANG_WARN_DEPRECATED_OBJC_IMPLEMENTATIONS = YES;
				CLANG_WARN_DIRECT_OBJC_ISA_USAGE = YES_ERROR;
				CLANG_WARN_DOCUMENTATION_COMMENTS = YES;
				CLANG_WARN_EMPTY_BODY = YES;
				CLANG_WARN_ENUM_CONVERSION = YES;
				CLANG_WARN_INFINITE_RECURSION = YES;
				CLANG_WARN_INT_CONVERSION = YES;
				CLANG_WARN_NON_LITERAL_NULL_CONVERSION = YES;
				CLANG_WARN_OBJC_IMPLICIT_RETAIN_SELF = YES;
				CLANG_WARN_OBJC_LITERAL_CONVERSION = YES;
				CLANG_WARN_OBJC_ROOT_CLASS = YES_ERROR;
				CLANG_WARN_QUOTED_INCLUDE_IN_FRAMEWORK_HEADER = YES;
				CLANG_WARN_RANGE_LOOP_ANALYSIS = YES;
				CLANG_WARN_STRICT_PROTOTYPES = YES;
				CLANG_WARN_SUSPICIOUS_MOVE = YES;
				CLANG_WARN_UNGUARDED_AVAILABILITY = YES_AGGRESSIVE;
				CLANG_WARN_UNREACHABLE_CODE = YES;
				CLANG_WARN__DUPLICATE_METHOD_MATCH = YES;
				COPY_PHASE_STRIP = NO;
				DEBUG_INFORMATION_FORMAT = dwarf;
				ENABLE_STRICT_OBJC_MSGSEND = YES;
				ENABLE_TESTABILITY = YES;
				GCC_C_LANGUAGE_STANDARD = gnu11;
				GCC_DYNAMIC_NO_PIC = NO;
				GCC_NO_COMMON_BLOCKS = YES;
				GCC_OPTIMIZATION_LEVEL = 0;
				GCC_PREPROCESSOR_DEFINITIONS = (
					"DEBUG=1",
					"$(inherited)",
				);
				GCC_WARN_64_TO_32_BIT_CONVERSION = YES;
				GCC_WARN_ABOUT_RETURN_TYPE = YES_ERROR;
				GCC_WARN_UNDECLARED_SELECTOR = YES;
				GCC_WARN_UNINITIALIZED_AUTOS = YES_AGGRESSIVE;
				GCC_WARN_UNUSED_FUNCTION = YES;
				GCC_WARN_UNUSED_VARIABLE = YES;
				IPHONEOS_DEPLOYMENT_TARGET = 16.4;
				MTL_ENABLE_DEBUG_INFO = INCLUDE_SOURCE;
				MTL_FAST_MATH = YES;
				ONLY_ACTIVE_ARCH = YES;
				SDKROOT = iphoneos;
				SWIFT_ACTIVE_COMPILATION_CONDITIONS = DEBUG;
				SWIFT_OPTIMIZATION_LEVEL = "-Onone";
			};
			name = Debug;
		};
		7D657DA52A000965008D3754 /* Release */ = {
			isa = XCBuildConfiguration;
			buildSettings = {
				ALWAYS_SEARCH_USER_PATHS = NO;
				CLANG_ANALYZER_NONNULL = YES;
				CLANG_ANALYZER_NUMBER_OBJECT_CONVERSION = YES_AGGRESSIVE;
				CLANG_CXX_LANGUAGE_STANDARD = "gnu++20";
				CLANG_ENABLE_MODULES = YES;
				CLANG_ENABLE_OBJC_ARC = YES;
				CLANG_ENABLE_OBJC_WEAK = YES;
				CLANG_WARN_BLOCK_CAPTURE_AUTORELEASING = YES;
				CLANG_WARN_BOOL_CONVERSION = YES;
				CLANG_WARN_COMMA = YES;
				CLANG_WARN_CONSTANT_CONVERSION = YES;
				CLANG_WARN_DEPRECATED_OBJC_IMPLEMENTATIONS = YES;
				CLANG_WARN_DIRECT_OBJC_ISA_USAGE = YES_ERROR;
				CLANG_WARN_DOCUMENTATION_COMMENTS = YES;
				CLANG_WARN_EMPTY_BODY = YES;
				CLANG_WARN_ENUM_CONVERSION = YES;
				CLANG_WARN_INFINITE_RECURSION = YES;
				CLANG_WARN_INT_CONVERSION = YES;
				CLANG_WARN_NON_LITERAL_NULL_CONVERSION = YES;
				CLANG_WARN_OBJC_IMPLICIT_RETAIN_SELF = YES;
				CLANG_WARN_OBJC_LITERAL_CONVERSION = YES;
				CLANG_WARN_OBJC_ROOT_CLASS = YES_ERROR;
				CLANG_WARN_QUOTED_INCLUDE_IN_FRAMEWORK_HEADER = YES;
				CLANG_WARN_RANGE_LOOP_ANALYSIS = YES;
				CLANG_WARN_STRICT_PROTOTYPES = YES;
				CLANG_WARN_SUSPICIOUS_MOVE = YES;
				CLANG_WARN_UNGUARDED_AVAILABILITY = YES_AGGRESSIVE;
				CLANG_WARN_UNREACHABLE_CODE = YES;
				CLANG_WARN__DUPLICATE_METHOD_MATCH = YES;
				COPY_PHASE_STRIP = NO;
				DEBUG_INFORMATION_FORMAT = "dwarf-with-dsym";
				ENABLE_NS_ASSERTIONS = NO;
				ENABLE_STRICT_OBJC_MSGSEND = YES;
				GCC_C_LANGUAGE_STANDARD = gnu11;
				GCC_NO_COMMON_BLOCKS = YES;
				GCC_WARN_64_TO_32_BIT_CONVERSION = YES;
				GCC_WARN_ABOUT_RETURN_TYPE = YES_ERROR;
				GCC_WARN_UNDECLARED_SELECTOR = YES;
				GCC_WARN_UNINITIALIZED_AUTOS = YES_AGGRESSIVE;
				GCC_WARN_UNUSED_FUNCTION = YES;
				GCC_WARN_UNUSED_VARIABLE = YES;
				IPHONEOS_DEPLOYMENT_TARGET = 16.4;
				MTL_ENABLE_DEBUG_INFO = NO;
				MTL_FAST_MATH = YES;
				SDKROOT = iphoneos;
				SWIFT_COMPILATION_MODE = wholemodule;
				SWIFT_OPTIMIZATION_LEVEL = "-O";
				VALIDATE_PRODUCT = YES;
			};
			name = Release;
		};
		7D657DA72A000965008D3754 /* Debug */ = {
			isa = XCBuildConfiguration;
			buildSettings = {
				ASSETCATALOG_COMPILER_APPICON_NAME = AppIcon;
				ASSETCATALOG_COMPILER_GLOBAL_ACCENT_COLOR_NAME = AccentColor;
				CODE_SIGN_STYLE = Automatic;
				CURRENT_PROJECT_VERSION = 1;
				DEVELOPMENT_ASSET_PATHS = "\"iOS_Example/Preview Content\"";
				DEVELOPMENT_TEAM = 8GNE6ML5WX;
				ENABLE_PREVIEWS = YES;
				GENERATE_INFOPLIST_FILE = YES;
				INFOPLIST_KEY_UIApplicationSceneManifest_Generation = YES;
				INFOPLIST_KEY_UIApplicationSupportsIndirectInputEvents = YES;
				INFOPLIST_KEY_UILaunchScreen_Generation = YES;
				INFOPLIST_KEY_UISupportedInterfaceOrientations_iPad = "UIInterfaceOrientationPortrait UIInterfaceOrientationPortraitUpsideDown UIInterfaceOrientationLandscapeLeft UIInterfaceOrientationLandscapeRight";
				INFOPLIST_KEY_UISupportedInterfaceOrientations_iPhone = "UIInterfaceOrientationPortrait UIInterfaceOrientationLandscapeLeft UIInterfaceOrientationLandscapeRight";
				IPHONEOS_DEPLOYMENT_TARGET = 17.6;
				LD_RUNPATH_SEARCH_PATHS = (
					"$(inherited)",
					"@executable_path/Frameworks",
				);
				MARKETING_VERSION = 1.0;
				PRODUCT_BUNDLE_IDENTIFIER = "io.opendive.iOS-Example";
				PRODUCT_NAME = "$(TARGET_NAME)";
				SWIFT_EMIT_LOC_STRINGS = YES;
				SWIFT_VERSION = 5.0;
				TARGETED_DEVICE_FAMILY = "1,2";
			};
			name = Debug;
		};
		7D657DA82A000965008D3754 /* Release */ = {
			isa = XCBuildConfiguration;
			buildSettings = {
				ASSETCATALOG_COMPILER_APPICON_NAME = AppIcon;
				ASSETCATALOG_COMPILER_GLOBAL_ACCENT_COLOR_NAME = AccentColor;
				CODE_SIGN_STYLE = Automatic;
				CURRENT_PROJECT_VERSION = 1;
				DEVELOPMENT_ASSET_PATHS = "\"iOS_Example/Preview Content\"";
				DEVELOPMENT_TEAM = 8GNE6ML5WX;
				ENABLE_PREVIEWS = YES;
				GENERATE_INFOPLIST_FILE = YES;
				INFOPLIST_KEY_UIApplicationSceneManifest_Generation = YES;
				INFOPLIST_KEY_UIApplicationSupportsIndirectInputEvents = YES;
				INFOPLIST_KEY_UILaunchScreen_Generation = YES;
				INFOPLIST_KEY_UISupportedInterfaceOrientations_iPad = "UIInterfaceOrientationPortrait UIInterfaceOrientationPortraitUpsideDown UIInterfaceOrientationLandscapeLeft UIInterfaceOrientationLandscapeRight";
				INFOPLIST_KEY_UISupportedInterfaceOrientations_iPhone = "UIInterfaceOrientationPortrait UIInterfaceOrientationLandscapeLeft UIInterfaceOrientationLandscapeRight";
				IPHONEOS_DEPLOYMENT_TARGET = 17.6;
				LD_RUNPATH_SEARCH_PATHS = (
					"$(inherited)",
					"@executable_path/Frameworks",
				);
				MARKETING_VERSION = 1.0;
				PRODUCT_BUNDLE_IDENTIFIER = "io.opendive.iOS-Example";
				PRODUCT_NAME = "$(TARGET_NAME)";
				SWIFT_EMIT_LOC_STRINGS = YES;
				SWIFT_VERSION = 5.0;
				TARGETED_DEVICE_FAMILY = "1,2";
			};
			name = Release;
		};
/* End XCBuildConfiguration section */

/* Begin XCConfigurationList section */
		7D657D932A000964008D3754 /* Build configuration list for PBXProject "iOS_Example" */ = {
			isa = XCConfigurationList;
			buildConfigurations = (
				7D657DA42A000965008D3754 /* Debug */,
				7D657DA52A000965008D3754 /* Release */,
			);
			defaultConfigurationIsVisible = 0;
			defaultConfigurationName = Release;
		};
		7D657DA62A000965008D3754 /* Build configuration list for PBXNativeTarget "iOS_Example" */ = {
			isa = XCConfigurationList;
			buildConfigurations = (
				7D657DA72A000965008D3754 /* Debug */,
				7D657DA82A000965008D3754 /* Release */,
			);
			defaultConfigurationIsVisible = 0;
			defaultConfigurationName = Release;
		};
/* End XCConfigurationList section */

/* Begin XCSwiftPackageProductDependency section */
		7D657DAB2A000984008D3754 /* SuiKit */ = {
			isa = XCSwiftPackageProductDependency;
			productName = SuiKit;
		};
/* End XCSwiftPackageProductDependency section */
	};
	rootObject = 7D657D902A000964008D3754 /* Project object */;
}
